{
  "name": "@hanger-source/agent-weixin-channel",
  "version": "0.2.0-alpha.4",
  "lockfileVersion": 3,
  "requires": true,
  "packages": {
    "": {
      "name": "@hanger-source/agent-weixin-channel",
      "version": "0.2.0-alpha.4",
      "license": "MIT",
      "dependencies": {
        "commander": "15.0.0",
        "dsh-weixin-gateway": "0.5.13"
      },
      "bin": {
        "agent-weixin-channel": "dist/cli.js"
      },
      "engines": {
        "node": ">=22.5.0"
      }
    },
    "node_modules/commander": {
      "version": "15.0.0",
      "resolved": "https://registry.npmjs.org/commander/-/commander-15.0.0.tgz",
      "integrity": "sha512-z67u4ZhzCL/Tydu1lJARtEZYWbWaN7oYLHbsuzocr6y4N6WZAagG3RQ4FW61V1/0+jImpj293XfrcYnd1qxtPg==",
      "license": "MIT",
      "engines": {
        "node": ">=22.12.0"
      }
    },
    "node_modules/dsh-weixin-gateway": {
      "version": "0.5.13",
      "resolved": "https://registry.npmjs.org/dsh-weixin-gateway/-/dsh-weixin-gateway-0.5.13.tgz",
      "integrity": "sha512-73Bo51F8qv+Zh0NywgoLZvwK3PZ4SEmwWPSmg/vm0i5beZAEU+731fw0qPj50l2m1GRi5HdoulfxaY6aI3Hi+A==",
      "license": "MIT",
      "dependencies": {
        "commander": "^15.0.0",
        "qrcode-terminal": "^0.12.0",
        "silk-wasm": "^3.7.1",
        "zod": "^4.4.3"
      },
      "bin": {
        "dsh-weixin": "lib/cli.js",
        "dsh-weixin-gateway": "lib/cli.js"
      },
      "peerDependencies": {
        "@deepseek-ai/cordis": "^4.0.1",
        "@deepseek-ai/cordis-plugin-loader": "^1.0.2",
        "@deepseek-ai/dsh-agent": "^0.1.0-rc.6",
        "@deepseek-ai/dsh-agent-default-model": "^0.1.0-rc.6",
        "@deepseek-ai/dsh-cmdline": "^0.0.1-rc.1",
        "@deepseek-ai/dsh-llm": "^0.1.0-rc.6",
        "@deepseek-ai/dsh-session": "^0.1.0-rc.6",
        "@deepseek-ai/dsh-tools": "^0.1.0-rc.6"
      },
      "peerDependenciesMeta": {
        "@deepseek-ai/cordis": {
          "optional": true
        },
        "@deepseek-ai/cordis-plugin-loader": {
          "optional": true
        },
        "@deepseek-ai/dsh-agent": {
          "optional": true
        },
        "@deepseek-ai/dsh-agent-default-model": {
          "optional": true
        },
        "@deepseek-ai/dsh-cmdline": {
          "optional": true
        },
        "@deepseek-ai/dsh-llm": {
          "optional": true
        },
        "@deepseek-ai/dsh-session": {
          "optional": true
        },
        "@deepseek-ai/dsh-tools": {
          "optional": true
        }
      }
    },
    "node_modules/qrcode-terminal": {
      "version": "0.12.0",
      "resolved": "https://registry.npmjs.org/qrcode-terminal/-/qrcode-terminal-0.12.0.tgz",
      "integrity": "sha512-EXtzRZmC+YGmGlDFbXKxQiMZNwCLEO6BANKXG4iCtSIM0yqc/pappSx3RIKr4r0uh5JsBckOXeKrB3Iz7mdQpQ==",
      "bin": {
        "qrcode-terminal": "bin/qrcode-terminal.js"
      }
    },
    "node_modules/silk-wasm": {
      "version": "3.7.1",
      "resolved": "https://registry.npmjs.org/silk-wasm/-/silk-wasm-3.7.1.tgz",
      "integrity": "sha512-mXPwLRtZxrYV3TZx41jMAeKc80wvmyrcXIcs8HctFxK15Ahz2OJQENYhNgEPeCEOdI6Mbx1NxQsqxzwc3DKerw==",
      "license": "MIT",
      "engines": {
        "node": ">=16.11.0"
      }
    },
    "node_modules/zod": {
      "version": "4.5.4",
      "resolved": "https://registry.npmjs.org/zod/-/zod-4.5.4.tgz",
      "integrity": "sha512-sC95tT5iHHH9gtpj6A81kh+NEaRAUFN+qlUPDUbRfOMvNf5QCBqsb3WgvnpVtK5Y+4UfA6KqufotuTvMGiTlsA==",
      "license": "MIT",
      "funding": {
        "url": "https://github.com/sponsors/colinhacks"
      }
    }
  }
}
